
Microsoft Visual Studio Solution File, Format Version 12.00
# Visual Studio Version 17
VisualStudioVersion = 17.4.33110.190
MinimumVisualStudioVersion = 10.0.40219.1
Project("{FAE04EC0-301F-11D3-BF4B-00C04F79EFBC}") = "MergeThreeArray", "MergeThreeArray\MergeThreeArray.csproj", "{B9611A8C-704C-4539-9FF8-459D0F62DD1B}"
EndProject
Global
	GlobalSection(SolutionConfigurationPlatforms) = preSolution
		Debug|Any CPU = Debug|Any CPU
		Release|Any CPU = Release|Any CPU
	EndGlobalSection
	GlobalSection(ProjectConfigurationPlatforms) = postSolution
		{B9611A8C-704C-4539-9FF8-459D0F62DD1B}.Debug|Any CPU.ActiveCfg = Debug|Any CPU
		{B9611A8C-704C-4539-9FF8-459D0F62DD1B}.Debug|Any CPU.Build.0 = Debug|Any CPU
		{B9611A8C-704C-4539-9FF8-459D0F62DD1B}.Release|Any CPU.ActiveCfg = Release|Any CPU
		{B9611A8C-704C-4539-9FF8-459D0F62DD1B}.Release|Any CPU.Build.0 = Release|Any CPU
	EndGlobalSection
	GlobalSection(SolutionProperties) = preSolution
		HideSolutionNode = FALSE
	EndGlobalSection
	GlobalSection(ExtensibilityGlobals) = postSolution
		SolutionGuid = {6FFC2E69-E130-48DC-B56D-69EAD0FA6112}
	EndGlobalSection
EndGlobal
